{
  "name": "vitepress-starter",
  "version": "1.0.0",
  "lockfileVersion": 1,
  "requires": true,
  "dependencies": {
    "@algolia/autocomplete-core": {
      "version": "1.7.4",
      "resolved": "http://artifactory.intra.xiaojukeji.com/artifactory/api/npm/npm/@algolia/autocomplete-core/-/autocomplete-core-1.7.4.tgz?dl=https%3A%2F%2Fregistry.npmmirror.com%2F%40algolia%2Fautocomplete-core%2F-%2Fautocomplete-core-1.7.4.tgz",
      "integrity": "sha1-hf82smc2VKOTyMUFNF6u3W6qT3A=",
      "dev": true,
      "requires": {
        "@algolia/autocomplete-shared": "1.7.4"
      }
    },
    "@algolia/autocomplete-preset-algolia": {
      "version": "1.7.4",
      "resolved": "http://artifactory.intra.xiaojukeji.com/artifactory/api/npm/npm/@algolia/autocomplete-preset-algolia/-/autocomplete-preset-algolia-1.7.4.tgz?dl=https%3A%2F%2Fregistry.npmmirror.com%2F%40algolia%2Fautocomplete-preset-algolia%2F-%2Fautocomplete-preset-algolia-1.7.4.tgz",
      "integrity": "sha1-YQ7h2IeWLyMLmHy6L9ZVZHgAC8M=",
      "dev": true,
      "requires": {
        "@algolia/autocomplete-shared": "1.7.4"
      }
    },
    "@algolia/autocomplete-shared": {
      "version": "1.7.4",
      "resolved": "http://artifactory.intra.xiaojukeji.com/artifactory/api/npm/npm/@algolia/autocomplete-shared/-/autocomplete-shared-1.7.4.tgz?dl=https%3A%2F%2Fregistry.npmmirror.com%2F%40algolia%2Fautocomplete-shared%2F-%2Fautocomplete-shared-1.7.4.tgz",
      "integrity": "sha1-eK6hFApQxNGT4fBqE7fxLF4svuo=",
      "dev": true
    },
    "@algolia/cache-browser-local-storage": {
      "version": "4.15.0",
      "resolved": "http://artifactory.intra.xiaojukeji.com/artifactory/api/npm/npm/@algolia/cache-browser-local-storage/-/cache-browser-local-storage-4.15.0.tgz?dl=https%3A%2F%2Fregistry.npmmirror.com%2F%40algolia%2Fcache-browser-local-storage%2F-%2Fcache-browser-local-storage-4.15.0.tgz",
      "integrity": "sha1-hPEq7GtqppVCo7/TpLpFjtLMgjA=",
      "dev": true,
      "requires": {
        "@algolia/cache-common": "4.15.0"
      }
    },
    "@algolia/cache-common": {
      "version": "4.15.0",
      "resolved": "http://artifactory.intra.xiaojukeji.com/artifactory/api/npm/npm/@algolia/cache-common/-/cache-common-4.15.0.tgz?dl=https%3A%2F%2Fregistry.npmmirror.com%2F%40algolia%2Fcache-common%2F-%2Fcache-common-4.15.0.tgz",
      "integrity": "sha1-oZgJjEuPpu9mGHnsItKi0a130rs=",
      "dev": true
    },
    "@algolia/cache-in-memory": {
      "version": "4.15.0",
      "resolved": "http://artifactory.intra.xiaojukeji.com/artifactory/api/npm/npm/@algolia/cache-in-memory/-/cache-in-memory-4.15.0.tgz?dl=https%3A%2F%2Fregistry.npmmirror.com%2F%40algolia%2Fcache-in-memory%2F-%2Fcache-in-memory-4.15.0.tgz",
      "integrity": "sha1-d8rE2zagqgg396fOt2AYgZHjUmg=",
      "dev": true,
      "requires": {
        "@algolia/cache-common": "4.15.0"
      }
    },
    "@algolia/client-account": {
      "version": "4.15.0",
      "resolved": "http://artifactory.intra.xiaojukeji.com/artifactory/api/npm/npm/@algolia/client-account/-/client-account-4.15.0.tgz?dl=https%3A%2F%2Fregistry.npmmirror.com%2F%40algolia%2Fclient-account%2F-%2Fclient-account-4.15.0.tgz",
      "integrity": "sha1-jgcjBSFpZltESdwvi88wdf62pCQ=",
      "dev": true,
      "requires": {
        "@algolia/client-common": "4.15.0",
        "@algolia/client-search": "4.15.0",
        "@algolia/transporter": "4.15.0"
      }
    },
    "@algolia/client-analytics": {
      "version": "4.15.0",
      "resolved": "http://artifactory.intra.xiaojukeji.com/artifactory/api/npm/npm/@algolia/client-analytics/-/client-analytics-4.15.0.tgz?dl=https%3A%2F%2Fregistry.npmmirror.com%2F%40algolia%2Fclient-analytics%2F-%2Fclient-analytics-4.15.0.tgz",
      "integrity": "sha1-a4/kUOG7oRSw0FmMv5rKxIJ5ijY=",
      "dev": true,
      "requires": {
        "@algolia/client-common": "4.15.0",
        "@algolia/client-search": "4.15.0",
        "@algolia/requester-common": "4.15.0",
        "@algolia/transporter": "4.15.0"
      }
    },
    "@algolia/client-common": {
      "version": "4.15.0",
      "resolved": "http://artifactory.intra.xiaojukeji.com/artifactory/api/npm/npm/@algolia/client-common/-/client-common-4.15.0.tgz?dl=https%3A%2F%2Fregistry.npmmirror.com%2F%40algolia%2Fclient-common%2F-%2Fclient-common-4.15.0.tgz",
      "integrity": "sha1-J92UQa7fSBc2aW1RnlXqji9aRDI=",
      "dev": true,
      "requires": {
        "@algolia/requester-common": "4.15.0",
        "@algolia/transporter": "4.15.0"
      }
    },
    "@algolia/client-personalization": {
      "version": "4.15.0",
      "resolved": "http://artifactory.intra.xiaojukeji.com/artifactory/api/npm/npm/@algolia/client-personalization/-/client-personalization-4.15.0.tgz?dl=https%3A%2F%2Fregistry.npmmirror.com%2F%40algolia%2Fclient-personalization%2F-%2Fclient-personalization-4.15.0.tgz",
      "integrity": "sha1-bxDtqCfSYHq2wjQUZM01EHv4z5k=",
      "dev": true,
      "requires": {
        "@algolia/client-common": "4.15.0",
        "@algolia/requester-common": "4.15.0",
        "@algolia/transporter": "4.15.0"
      }
    },
    "@algolia/client-search": {
      "version": "4.15.0",
      "resolved": "http://artifactory.intra.xiaojukeji.com/artifactory/api/npm/npm/@algolia/client-search/-/client-search-4.15.0.tgz?dl=https%3A%2F%2Fregistry.npmmirror.com%2F%40algolia%2Fclient-search%2F-%2Fclient-search-4.15.0.tgz",
      "integrity": "sha1-LYSfqueUP8yYOskj6sdnZmqeapo=",
      "dev": true,
      "requires": {
        "@algolia/client-common": "4.15.0",
        "@algolia/requester-common": "4.15.0",
        "@algolia/transporter": "4.15.0"
      }
    },
    "@algolia/logger-common": {
      "version": "4.15.0",
      "resolved": "http://artifactory.intra.xiaojukeji.com/artifactory/api/npm/npm/@algolia/logger-common/-/logger-common-4.15.0.tgz?dl=https%3A%2F%2Fregistry.npmmirror.com%2F%40algolia%2Flogger-common%2F-%2Flogger-common-4.15.0.tgz",
      "integrity": "sha1-os89OrvdAFlABhZDAmALpG11BZ8=",
      "dev": true
    },
    "@algolia/logger-console": {
      "version": "4.15.0",
      "resolved": "http://artifactory.intra.xiaojukeji.com/artifactory/api/npm/npm/@algolia/logger-console/-/logger-console-4.15.0.tgz?dl=https%3A%2F%2Fregistry.npmmirror.com%2F%40algolia%2Flogger-console%2F-%2Flogger-console-4.15.0.tgz",
      "integrity": "sha1-iglIsMFq1UavndFLkCHyH0JzfJc=",
      "dev": true,
      "requires": {
        "@algolia/logger-common": "4.15.0"
      }
    },
    "@algolia/requester-browser-xhr": {
      "version": "4.15.0",
      "resolved": "http://artifactory.intra.xiaojukeji.com/artifactory/api/npm/npm/@algolia/requester-browser-xhr/-/requester-browser-xhr-4.15.0.tgz?dl=https%3A%2F%2Fregistry.npmmirror.com%2F%40algolia%2Frequester-browser-xhr%2F-%2Frequester-browser-xhr-4.15.0.tgz",
      "integrity": "sha1-OLWVbQFAitQpHYmRXfkh/4U0zKY=",
      "dev": true,
      "requires": {
        "@algolia/requester-common": "4.15.0"
      }
    },
    "@algolia/requester-common": {
      "version": "4.15.0",
      "resolved": "http://artifactory.intra.xiaojukeji.com/artifactory/api/npm/npm/@algolia/requester-common/-/requester-common-4.15.0.tgz?dl=https%3A%2F%2Fregistry.npmmirror.com%2F%40algolia%2Frequester-common%2F-%2Frequester-common-4.15.0.tgz",
      "integrity": "sha1-xorT3Mwd5xtb6bCKB+K69Y7EnYI=",
      "dev": true
    },
    "@algolia/requester-node-http": {
      "version": "4.15.0",
      "resolved": "http://artifactory.intra.xiaojukeji.com/artifactory/api/npm/npm/@algolia/requester-node-http/-/requester-node-http-4.15.0.tgz?dl=https%3A%2F%2Fregistry.npmmirror.com%2F%40algolia%2Frequester-node-http%2F-%2Frequester-node-http-4.15.0.tgz",
      "integrity": "sha1-AvhBWG5iDHtOTlVfMVzVLdgV8zA=",
      "dev": true,
      "requires": {
        "@algolia/requester-common": "4.15.0"
      }
    },
    "@algolia/transporter": {
      "version": "4.15.0",
      "resolved": "http://artifactory.intra.xiaojukeji.com/artifactory/api/npm/npm/@algolia/transporter/-/transporter-4.15.0.tgz?dl=https%3A%2F%2Fregistry.npmmirror.com%2F%40algolia%2Ftransporter%2F-%2Ftransporter-4.15.0.tgz",
      "integrity": "sha1-xlxRIgbGaq3CiXM3IgrlRUABln4=",
      "dev": true,
      "requires": {
        "@algolia/cache-common": "4.15.0",
        "@algolia/logger-common": "4.15.0",
        "@algolia/requester-common": "4.15.0"
      }
    },
    "@babel/parser": {
      "version": "7.21.3",
      "resolved": "http://artifactory.intra.xiaojukeji.com/artifactory/api/npm/npm/@babel/parser/-/parser-7.21.3.tgz?dl=https%3A%2F%2Fregistry.npmmirror.com%2F%40babel%2Fparser%2F-%2Fparser-7.21.3.tgz",
      "integrity": "sha1-HShdZ6GRYv+dqjWNTLQdUMBiILM=",
      "dev": true
    },
    "@docsearch/css": {
      "version": "3.3.3",
      "resolved": "http://artifactory.intra.xiaojukeji.com/artifactory/api/npm/npm/@docsearch/css/-/css-3.3.3.tgz?dl=https%3A%2F%2Fregistry.npmmirror.com%2F%40docsearch%2Fcss%2F-%2Fcss-3.3.3.tgz",
      "integrity": "sha1-+TRsniRgIhg0H1G4upHrkQmt1DQ=",
      "dev": true
    },
    "@docsearch/js": {
      "version": "3.3.3",
      "resolved": "http://artifactory.intra.xiaojukeji.com/artifactory/api/npm/npm/@docsearch/js/-/js-3.3.3.tgz?dl=https%3A%2F%2Fregistry.npmmirror.com%2F%40docsearch%2Fjs%2F-%2Fjs-3.3.3.tgz",
      "integrity": "sha1-cHJaeo/pLSIfzwWTJjuTY4nTco8=",
      "dev": true,
      "requires": {
        "@docsearch/react": "3.3.3",
        "preact": "^10.0.0"
      }
    },
    "@docsearch/react": {
      "version": "3.3.3",
      "resolved": "http://artifactory.intra.xiaojukeji.com/artifactory/api/npm/npm/@docsearch/react/-/react-3.3.3.tgz?dl=https%3A%2F%2Fregistry.npmmirror.com%2F%40docsearch%2Freact%2F-%2Freact-3.3.3.tgz",
      "integrity": "sha1-kHtpNqVl+IC0wIkmJLT3qfEy0pg=",
      "dev": true,
      "requires": {
        "@algolia/autocomplete-core": "1.7.4",
        "@algolia/autocomplete-preset-algolia": "1.7.4",
        "@docsearch/css": "3.3.3",
        "algoliasearch": "^4.0.0"
      }
    },
    "@esbuild/android-arm": {
      "version": "0.17.12",
      "resolved": "http://artifactory.intra.xiaojukeji.com/artifactory/api/npm/npm/@esbuild/android-arm/-/android-arm-0.17.12.tgz?dl=https%3A%2F%2Fregistry.npmmirror.com%2F%40esbuild%2Fandroid-arm%2F-%2Fandroid-arm-0.17.12.tgz",
      "integrity": "sha1-Z3oJKX4fTzerp7T8TzEIiwBISYU=",
      "dev": true,
      "optional": true
    },
    "@esbuild/android-arm64": {
      "version": "0.17.12",
      "resolved": "http://artifactory.intra.xiaojukeji.com/artifactory/api/npm/npm/@esbuild/android-arm64/-/android-arm64-0.17.12.tgz?dl=https%3A%2F%2Fregistry.npmmirror.com%2F%40esbuild%2Fandroid-arm64%2F-%2Fandroid-arm64-0.17.12.tgz",
      "integrity": "sha1-FajitAfQOYm4meMlFR3C6W0ZxiA=",
      "dev": true,
      "optional": true
    },
    "@esbuild/android-x64": {
      "version": "0.17.12",
      "resolved": "http://artifactory.intra.xiaojukeji.com/artifactory/api/npm/npm/@esbuild/android-x64/-/android-x64-0.17.12.tgz?dl=https%3A%2F%2Fregistry.npmmirror.com%2F%40esbuild%2Fandroid-x64%2F-%2Fandroid-x64-0.17.12.tgz",
      "integrity": "sha1-spJynu9OAGCuGUH2oCHE0lQqNSE=",
      "dev": true,
      "optional": true
    },
    "@esbuild/darwin-arm64": {
      "version": "0.17.12",
      "resolved": "http://artifactory.intra.xiaojukeji.com/artifactory/api/npm/npm/@esbuild/darwin-arm64/-/darwin-arm64-0.17.12.tgz?dl=https%3A%2F%2Fregistry.npmmirror.com%2F%40esbuild%2Fdarwin-arm64%2F-%2Fdarwin-arm64-0.17.12.tgz",
      "integrity": "sha1-76NTGN+THaBYJYlOF4e5dtVa2+M=",
      "dev": true,
      "optional": true
    },
    "@esbuild/darwin-x64": {
      "version": "0.17.12",
      "resolved": "http://artifactory.intra.xiaojukeji.com/artifactory/api/npm/npm/@esbuild/darwin-x64/-/darwin-x64-0.17.12.tgz?dl=https%3A%2F%2Fregistry.npmmirror.com%2F%40esbuild%2Fdarwin-x64%2F-%2Fdarwin-x64-0.17.12.tgz",
      "integrity": "sha1-57VLs/bcgarf0Ehc0WI8ZIFX5k0=",
      "dev": true,
      "optional": true
    },
    "@esbuild/freebsd-arm64": {
      "version": "0.17.12",
      "resolved": "http://artifactory.intra.xiaojukeji.com/artifactory/api/npm/npm/@esbuild/freebsd-arm64/-/freebsd-arm64-0.17.12.tgz?dl=https%3A%2F%2Fregistry.npmmirror.com%2F%40esbuild%2Ffreebsd-arm64%2F-%2Ffreebsd-arm64-0.17.12.tgz",
      "integrity": "sha1-maGKhXnWKZxElWb+kdm2pUzypZE=",
      "dev": true,
      "optional": true
    },
    "@esbuild/freebsd-x64": {
      "version": "0.17.12",
      "resolved": "http://artifactory.intra.xiaojukeji.com/artifactory/api/npm/npm/@esbuild/freebsd-x64/-/freebsd-x64-0.17.12.tgz?dl=https%3A%2F%2Fregistry.npmmirror.com%2F%40esbuild%2Ffreebsd-x64%2F-%2Ffreebsd-x64-0.17.12.tgz",
      "integrity": "sha1-DgkBkP7eMH+0Ai9nF5GlDdUSGr0=",
      "dev": true,
      "optional": true
    },
    "@esbuild/linux-arm": {
      "version": "0.17.12",
      "resolved": "http://artifactory.intra.xiaojukeji.com/artifactory/api/npm/npm/@esbuild/linux-arm/-/linux-arm-0.17.12.tgz?dl=https%3A%2F%2Fregistry.npmmirror.com%2F%40esbuild%2Flinux-arm%2F-%2Flinux-arm-0.17.12.tgz",
      "integrity": "sha1-uHx26/H+A+Af1rtc/C88W+zV7pM=",
      "dev": true,
      "optional": true
    },
    "@esbuild/linux-arm64": {
      "version": "0.17.12",
      "resolved": "http://artifactory.intra.xiaojukeji.com/artifactory/api/npm/npm/@esbuild/linux-arm64/-/linux-arm64-0.17.12.tgz?dl=https%3A%2F%2Fregistry.npmmirror.com%2F%40esbuild%2Flinux-arm64%2F-%2Flinux-arm64-0.17.12.tgz",
      "integrity": "sha1-f+Kmn4oacVP6Kw9EqryttZR1x+A=",
      "dev": true,
      "optional": true
    },
    "@esbuild/linux-ia32": {
      "version": "0.17.12",
      "resolved": "http://artifactory.intra.xiaojukeji.com/artifactory/api/npm/npm/@esbuild/linux-ia32/-/linux-ia32-0.17.12.tgz?dl=https%3A%2F%2Fregistry.npmmirror.com%2F%40esbuild%2Flinux-ia32%2F-%2Flinux-ia32-0.17.12.tgz",
      "integrity": "sha1-npNXCQJUUk0y5nCIg6RzKPMDeFg=",
      "dev": true,
      "optional": true
    },
    "@esbuild/linux-loong64": {
      "version": "0.17.12",
      "resolved": "http://artifactory.intra.xiaojukeji.com/artifactory/api/npm/npm/@esbuild/linux-loong64/-/linux-loong64-0.17.12.tgz?dl=https%3A%2F%2Fregistry.npmmirror.com%2F%40esbuild%2Flinux-loong64%2F-%2Flinux-loong64-0.17.12.tgz",
      "integrity": "sha1-netgX54sgvWUEt3++0trltVLW1s=",
      "dev": true,
      "optional": true
    },
    "@esbuild/linux-mips64el": {
      "version": "0.17.12",
      "resolved": "http://artifactory.intra.xiaojukeji.com/artifactory/api/npm/npm/@esbuild/linux-mips64el/-/linux-mips64el-0.17.12.tgz?dl=https%3A%2F%2Fregistry.npmmirror.com%2F%40esbuild%2Flinux-mips64el%2F-%2Flinux-mips64el-0.17.12.tgz",
      "integrity": "sha1-bvFwuXTd9eas36WwXyK26d/SsAM=",
      "dev": true,
      "optional": true
    },
    "@esbuild/linux-ppc64": {
      "version": "0.17.12",
      "resolved": "http://artifactory.intra.xiaojukeji.com/artifactory/api/npm/npm/@esbuild/linux-ppc64/-/linux-ppc64-0.17.12.tgz?dl=https%3A%2F%2Fregistry.npmmirror.com%2F%40esbuild%2Flinux-ppc64%2F-%2Flinux-ppc64-0.17.12.tgz",
      "integrity": "sha1-FjjT1Kzx00qvN8+JCMLhzv7RYgQ=",
      "dev": true,
      "optional": true
    },
    "@esbuild/linux-riscv64": {
      "version": "0.17.12",
      "resolved": "http://artifactory.intra.xiaojukeji.com/artifactory/api/npm/npm/@esbuild/linux-riscv64/-/linux-riscv64-0.17.12.tgz?dl=https%3A%2F%2Fregistry.npmmirror.com%2F%40esbuild%2Flinux-riscv64%2F-%2Flinux-riscv64-0.17.12.tgz",
      "integrity": "sha1-E1tuknCo4t4rkJS7IaKHUX31IO8=",
      "dev": true,
      "optional": true
    },
    "@esbuild/linux-s390x": {
      "version": "0.17.12",
      "resolved": "http://artifactory.intra.xiaojukeji.com/artifactory/api/npm/npm/@esbuild/linux-s390x/-/linux-s390x-0.17.12.tgz?dl=https%3A%2F%2Fregistry.npmmirror.com%2F%40esbuild%2Flinux-s390x%2F-%2Flinux-s390x-0.17.12.tgz",
      "integrity": "sha1-IeQIMHcMXQg2jjAIQr3jgs6X1hU=",
      "dev": true,
      "optional": true
    },
    "@esbuild/linux-x64": {
      "version": "0.17.12",
      "resolved": "http://artifactory.intra.xiaojukeji.com/artifactory/api/npm/npm/@esbuild/linux-x64/-/linux-x64-0.17.12.tgz?dl=https%3A%2F%2Fregistry.npmmirror.com%2F%40esbuild%2Flinux-x64%2F-%2Flinux-x64-0.17.12.tgz",
      "integrity": "sha1-dsHBmYcdSOGqpHp2L7ng3KUuH3o=",
      "dev": true,
      "optional": true
    },
    "@esbuild/netbsd-x64": {
      "version": "0.17.12",
      "resolved": "http://artifactory.intra.xiaojukeji.com/artifactory/api/npm/npm/@esbuild/netbsd-x64/-/netbsd-x64-0.17.12.tgz?dl=https%3A%2F%2Fregistry.npmmirror.com%2F%40esbuild%2Fnetbsd-x64%2F-%2Fnetbsd-x64-0.17.12.tgz",
      "integrity": "sha1-x8OzAXpLk4x2w19mr1Kbr2LqxSc=",
      "dev": true,
      "optional": true
    },
    "@esbuild/openbsd-x64": {
      "version": "0.17.12",
      "resolved": "http://artifactory.intra.xiaojukeji.com/artifactory/api/npm/npm/@esbuild/openbsd-x64/-/openbsd-x64-0.17.12.tgz?dl=https%3A%2F%2Fregistry.npmmirror.com%2F%40esbuild%2Fopenbsd-x64%2F-%2Fopenbsd-x64-0.17.12.tgz",
      "integrity": "sha1-BdBCF9mA4EkAGv2+rLtY0xu1zvs=",
      "dev": true,
      "optional": true
    },
    "@esbuild/sunos-x64": {
      "version": "0.17.12",
      "resolved": "http://artifactory.intra.xiaojukeji.com/artifactory/api/npm/npm/@esbuild/sunos-x64/-/sunos-x64-0.17.12.tgz?dl=https%3A%2F%2Fregistry.npmmirror.com%2F%40esbuild%2Fsunos-x64%2F-%2Fsunos-x64-0.17.12.tgz",
      "integrity": "sha1-zzhiUhYA5OtsRA7DutMe1A+4fvM=",
      "dev": true,
      "optional": true
    },
    "@esbuild/win32-arm64": {
      "version": "0.17.12",
      "resolved": "http://artifactory.intra.xiaojukeji.com/artifactory/api/npm/npm/@esbuild/win32-arm64/-/win32-arm64-0.17.12.tgz?dl=https%3A%2F%2Fregistry.npmmirror.com%2F%40esbuild%2Fwin32-arm64%2F-%2Fwin32-arm64-0.17.12.tgz",
      "integrity": "sha1-Q91/tb53vxKhVQNVqysSPv1gho4=",
      "dev": true,
      "optional": true
    },
    "@esbuild/win32-ia32": {
      "version": "0.17.12",
      "resolved": "http://artifactory.intra.xiaojukeji.com/artifactory/api/npm/npm/@esbuild/win32-ia32/-/win32-ia32-0.17.12.tgz?dl=https%3A%2F%2Fregistry.npmmirror.com%2F%40esbuild%2Fwin32-ia32%2F-%2Fwin32-ia32-0.17.12.tgz",
      "integrity": "sha1-mUCWPQv/TqMDWoTitMbkHF5ilus=",
      "dev": true,
      "optional": true
    },
    "@esbuild/win32-x64": {
      "version": "0.17.12",
      "resolved": "http://artifactory.intra.xiaojukeji.com/artifactory/api/npm/npm/@esbuild/win32-x64/-/win32-x64-0.17.12.tgz?dl=https%3A%2F%2Fregistry.npmmirror.com%2F%40esbuild%2Fwin32-x64%2F-%2Fwin32-x64-0.17.12.tgz",
      "integrity": "sha1-OhHRPppbDAXbiJkbI02Lq6H5ZIc=",
      "dev": true,
      "optional": true
    },
    "@types/web-bluetooth": {
      "version": "0.0.16",
      "resolved": "http://artifactory.intra.xiaojukeji.com/artifactory/api/npm/npm/@types/web-bluetooth/-/web-bluetooth-0.0.16.tgz?dl=https%3A%2F%2Fregistry.npmmirror.com%2F%40types%2Fweb-bluetooth%2F-%2Fweb-bluetooth-0.0.16.tgz",
      "integrity": "sha1-HRKHOo5JVnNx8qdf4+f37cpmYtg=",
      "dev": true
    },
    "@vitejs/plugin-vue": {
      "version": "4.1.0",
      "resolved": "http://artifactory.intra.xiaojukeji.com/artifactory/api/npm/npm/@vitejs/plugin-vue/-/plugin-vue-4.1.0.tgz?dl=https%3A%2F%2Fregistry.npmmirror.com%2F%40vitejs%2Fplugin-vue%2F-%2Fplugin-vue-4.1.0.tgz",
      "integrity": "sha1-tqnYPNkVdffuFVk/ZEQ5f2h1EHM=",
      "dev": true
    },
    "@vue/compiler-core": {
      "version": "3.2.47",
      "resolved": "http://artifactory.intra.xiaojukeji.com/artifactory/api/npm/npm/@vue/compiler-core/-/compiler-core-3.2.47.tgz?dl=https%3A%2F%2Fregistry.npmmirror.com%2F%40vue%2Fcompiler-core%2F-%2Fcompiler-core-3.2.47.tgz",
      "integrity": "sha1-PgfGhNdIl6yapZIsUgdB8wKSZ/g=",
      "dev": true,
      "requires": {
        "@babel/parser": "^7.16.4",
        "@vue/shared": "3.2.47",
        "estree-walker": "^2.0.2",
        "source-map": "^0.6.1"
      }
    },
    "@vue/compiler-dom": {
      "version": "3.2.47",
      "resolved": "http://artifactory.intra.xiaojukeji.com/artifactory/api/npm/npm/@vue/compiler-dom/-/compiler-dom-3.2.47.tgz?dl=https%3A%2F%2Fregistry.npmmirror.com%2F%40vue%2Fcompiler-dom%2F-%2Fcompiler-dom-3.2.47.tgz",
      "integrity": "sha1-oLBsr373BWk55WPcqpy94weU8wU=",
      "dev": true,
      "requires": {
        "@vue/compiler-core": "3.2.47",
        "@vue/shared": "3.2.47"
      }
    },
    "@vue/compiler-sfc": {
      "version": "3.2.47",
      "resolved": "http://artifactory.intra.xiaojukeji.com/artifactory/api/npm/npm/@vue/compiler-sfc/-/compiler-sfc-3.2.47.tgz?dl=https%3A%2F%2Fregistry.npmmirror.com%2F%40vue%2Fcompiler-sfc%2F-%2Fcompiler-sfc-3.2.47.tgz",
      "integrity": "sha1-G9w29s3BZD9y4sOX6xo5j1AErT0=",
      "dev": true,
      "requires": {
        "@babel/parser": "^7.16.4",
        "@vue/compiler-core": "3.2.47",
        "@vue/compiler-dom": "3.2.47",
        "@vue/compiler-ssr": "3.2.47",
        "@vue/reactivity-transform": "3.2.47",
        "@vue/shared": "3.2.47",
        "estree-walker": "^2.0.2",
        "magic-string": "^0.25.7",
        "postcss": "^8.1.10",
        "source-map": "^0.6.1"
      }
    },
    "@vue/compiler-ssr": {
      "version": "3.2.47",
      "resolved": "http://artifactory.intra.xiaojukeji.com/artifactory/api/npm/npm/@vue/compiler-ssr/-/compiler-ssr-3.2.47.tgz?dl=https%3A%2F%2Fregistry.npmmirror.com%2F%40vue%2Fcompiler-ssr%2F-%2Fcompiler-ssr-3.2.47.tgz",
      "integrity": "sha1-NYcsAaJzqsTWBwq52NqRirEwV+4=",
      "dev": true,
      "requires": {
        "@vue/compiler-dom": "3.2.47",
        "@vue/shared": "3.2.47"
      }
    },
    "@vue/devtools-api": {
      "version": "6.5.0",
      "resolved": "http://artifactory.intra.xiaojukeji.com/artifactory/api/npm/npm/@vue/devtools-api/-/devtools-api-6.5.0.tgz?dl=https%3A%2F%2Fregistry.npmmirror.com%2F%40vue%2Fdevtools-api%2F-%2Fdevtools-api-6.5.0.tgz",
      "integrity": "sha1-mLmUJe3ucLTJkmkmKPoeosHlfQc=",
      "dev": true
    },
    "@vue/reactivity": {
      "version": "3.2.47",
      "resolved": "http://artifactory.intra.xiaojukeji.com/artifactory/api/npm/npm/@vue/reactivity/-/reactivity-3.2.47.tgz?dl=https%3A%2F%2Fregistry.npmmirror.com%2F%40vue%2Freactivity%2F-%2Freactivity-3.2.47.tgz",
      "integrity": "sha1-HWOZB06t/D7TXHJ+L9cH1ogRQLY=",
      "dev": true,
      "requires": {
        "@vue/shared": "3.2.47"
      }
    },
    "@vue/reactivity-transform": {
      "version": "3.2.47",
      "resolved": "http://artifactory.intra.xiaojukeji.com/artifactory/api/npm/npm/@vue/reactivity-transform/-/reactivity-transform-3.2.47.tgz?dl=https%3A%2F%2Fregistry.npmmirror.com%2F%40vue%2Freactivity-transform%2F-%2Freactivity-transform-3.2.47.tgz",
      "integrity": "sha1-5F300GNw+KvykIGhav0lz/um2E4=",
      "dev": true,
      "requires": {
        "@babel/parser": "^7.16.4",
        "@vue/compiler-core": "3.2.47",
        "@vue/shared": "3.2.47",
        "estree-walker": "^2.0.2",
        "magic-string": "^0.25.7"
      }
    },
    "@vue/runtime-core": {
      "version": "3.2.47",
      "resolved": "http://artifactory.intra.xiaojukeji.com/artifactory/api/npm/npm/@vue/runtime-core/-/runtime-core-3.2.47.tgz?dl=https%3A%2F%2Fregistry.npmmirror.com%2F%40vue%2Fruntime-core%2F-%2Fruntime-core-3.2.47.tgz",
      "integrity": "sha1-QG663j1VUcAPxkCbvB7rEPMuEh0=",
      "dev": true,
      "requires": {
        "@vue/reactivity": "3.2.47",
        "@vue/shared": "3.2.47"
      }
    },
    "@vue/runtime-dom": {
      "version": "3.2.47",
      "resolved": "http://artifactory.intra.xiaojukeji.com/artifactory/api/npm/npm/@vue/runtime-dom/-/runtime-dom-3.2.47.tgz?dl=https%3A%2F%2Fregistry.npmmirror.com%2F%40vue%2Fruntime-dom%2F-%2Fruntime-dom-3.2.47.tgz",
      "integrity": "sha1-k+dg7q6rhN7ft8Pq8+1Y13Ypk4I=",
      "dev": true,
      "requires": {
        "@vue/runtime-core": "3.2.47",
        "@vue/shared": "3.2.47",
        "csstype": "^2.6.8"
      }
    },
    "@vue/server-renderer": {
      "version": "3.2.47",
      "resolved": "http://artifactory.intra.xiaojukeji.com/artifactory/api/npm/npm/@vue/server-renderer/-/server-renderer-3.2.47.tgz?dl=https%3A%2F%2Fregistry.npmmirror.com%2F%40vue%2Fserver-renderer%2F-%2Fserver-renderer-3.2.47.tgz",
      "integrity": "sha1-iqHRhx/E61p4Uap/dB+PcA5t48A=",
      "dev": true,
      "requires": {
        "@vue/compiler-ssr": "3.2.47",
        "@vue/shared": "3.2.47"
      }
    },
    "@vue/shared": {
      "version": "3.2.47",
      "resolved": "http://artifactory.intra.xiaojukeji.com/artifactory/api/npm/npm/@vue/shared/-/shared-3.2.47.tgz?dl=https%3A%2F%2Fregistry.npmmirror.com%2F%40vue%2Fshared%2F-%2Fshared-3.2.47.tgz",
      "integrity": "sha1-5ZfvdQhsbolv9UeKa/wKeqS70Uw=",
      "dev": true
    },
    "@vueuse/core": {
      "version": "9.13.0",
      "resolved": "http://artifactory.intra.xiaojukeji.com/artifactory/api/npm/npm/@vueuse/core/-/core-9.13.0.tgz?dl=https%3A%2F%2Fregistry.npmmirror.com%2F%40vueuse%2Fcore%2F-%2Fcore-9.13.0.tgz",
      "integrity": "sha1-L2nmbRkFweTuvCSaAXWc+I6gDPQ=",
      "dev": true,
      "requires": {
        "@types/web-bluetooth": "^0.0.16",
        "@vueuse/metadata": "9.13.0",
        "@vueuse/shared": "9.13.0",
        "vue-demi": "*"
      }
    },
    "@vueuse/metadata": {
      "version": "9.13.0",
      "resolved": "http://artifactory.intra.xiaojukeji.com/artifactory/api/npm/npm/@vueuse/metadata/-/metadata-9.13.0.tgz?dl=https%3A%2F%2Fregistry.npmmirror.com%2F%40vueuse%2Fmetadata%2F-%2Fmetadata-9.13.0.tgz",
      "integrity": "sha1-vCWmza0bGpPDbOMBkRJNplIFOf8=",
      "dev": true
    },
    "@vueuse/shared": {
      "version": "9.13.0",
      "resolved": "http://artifactory.intra.xiaojukeji.com/artifactory/api/npm/npm/@vueuse/shared/-/shared-9.13.0.tgz?dl=https%3A%2F%2Fregistry.npmmirror.com%2F%40vueuse%2Fshared%2F-%2Fshared-9.13.0.tgz",
      "integrity": "sha1-CJ/0zE4uekAV5XqPMuSznQljU7k=",
      "dev": true,
      "requires": {
        "vue-demi": "*"
      }
    },
    "algoliasearch": {
      "version": "4.15.0",
      "resolved": "http://artifactory.intra.xiaojukeji.com/artifactory/api/npm/npm/algoliasearch/-/algoliasearch-4.15.0.tgz?dl=https%3A%2F%2Fregistry.npmmirror.com%2Falgoliasearch%2F-%2Falgoliasearch-4.15.0.tgz",
      "integrity": "sha1-gnlXbwZmeh0HBejCKhfaqOcHtGk=",
      "dev": true,
      "requires": {
        "@algolia/cache-browser-local-storage": "4.15.0",
        "@algolia/cache-common": "4.15.0",
        "@algolia/cache-in-memory": "4.15.0",
        "@algolia/client-account": "4.15.0",
        "@algolia/client-analytics": "4.15.0",
        "@algolia/client-common": "4.15.0",
        "@algolia/client-personalization": "4.15.0",
        "@algolia/client-search": "4.15.0",
        "@algolia/logger-common": "4.15.0",
        "@algolia/logger-console": "4.15.0",
        "@algolia/requester-browser-xhr": "4.15.0",
        "@algolia/requester-common": "4.15.0",
        "@algolia/requester-node-http": "4.15.0",
        "@algolia/transporter": "4.15.0"
      }
    },
    "ansi-sequence-parser": {
      "version": "1.1.0",
      "resolved": "http://artifactory.intra.xiaojukeji.com/artifactory/api/npm/npm/ansi-sequence-parser/-/ansi-sequence-parser-1.1.0.tgz?dl=https%3A%2F%2Fregistry.npmmirror.com%2Fansi-sequence-parser%2F-%2Fansi-sequence-parser-1.1.0.tgz",
      "integrity": "sha1-TXkPMSNqwgNmsjs5FreJ4b3jmu0=",
      "dev": true
    },
    "body-scroll-lock": {
      "version": "4.0.0-beta.0",
      "resolved": "http://artifactory.intra.xiaojukeji.com/artifactory/api/npm/npm/body-scroll-lock/-/body-scroll-lock-4.0.0-beta.0.tgz?dl=https%3A%2F%2Fregistry.npmmirror.com%2Fbody-scroll-lock%2F-%2Fbody-scroll-lock-4.0.0-beta.0.tgz",
      "integrity": "sha1-T3h4nRDmOIEVwEYM1tfU3Su8T34=",
      "dev": true
    },
    "csstype": {
      "version": "2.6.21",
      "resolved": "http://artifactory.intra.xiaojukeji.com/artifactory/api/npm/npm/csstype/-/csstype-2.6.21.tgz?dl=https%3A%2F%2Fregistry.npmmirror.com%2Fcsstype%2F-%2Fcsstype-2.6.21.tgz",
      "integrity": "sha1-LvuFt8xVyAAXxmpa18vZMf2jqQ4=",
      "dev": true
    },
    "esbuild": {
      "version": "0.17.12",
      "resolved": "http://artifactory.intra.xiaojukeji.com/artifactory/api/npm/npm/esbuild/-/esbuild-0.17.12.tgz?dl=https%3A%2F%2Fregistry.npmmirror.com%2Fesbuild%2F-%2Fesbuild-0.17.12.tgz",
      "integrity": "sha1-KtdSO/G8AYgenZBLwE5pO9O9zy8=",
      "dev": true,
      "requires": {
        "@esbuild/android-arm": "0.17.12",
        "@esbuild/android-arm64": "0.17.12",
        "@esbuild/android-x64": "0.17.12",
        "@esbuild/darwin-arm64": "0.17.12",
        "@esbuild/darwin-x64": "0.17.12",
        "@esbuild/freebsd-arm64": "0.17.12",
        "@esbuild/freebsd-x64": "0.17.12",
        "@esbuild/linux-arm": "0.17.12",
        "@esbuild/linux-arm64": "0.17.12",
        "@esbuild/linux-ia32": "0.17.12",
        "@esbuild/linux-loong64": "0.17.12",
        "@esbuild/linux-mips64el": "0.17.12",
        "@esbuild/linux-ppc64": "0.17.12",
        "@esbuild/linux-riscv64": "0.17.12",
        "@esbuild/linux-s390x": "0.17.12",
        "@esbuild/linux-x64": "0.17.12",
        "@esbuild/netbsd-x64": "0.17.12",
        "@esbuild/openbsd-x64": "0.17.12",
        "@esbuild/sunos-x64": "0.17.12",
        "@esbuild/win32-arm64": "0.17.12",
        "@esbuild/win32-ia32": "0.17.12",
        "@esbuild/win32-x64": "0.17.12"
      }
    },
    "estree-walker": {
      "version": "2.0.2",
      "resolved": "http://artifactory.intra.xiaojukeji.com/artifactory/api/npm/npm/estree-walker/-/estree-walker-2.0.2.tgz?dl=https%3A%2F%2Fregistry.npmmirror.com%2Festree-walker%2F-%2Festree-walker-2.0.2.tgz",
      "integrity": "sha1-UvAQF4wqTBF6d1fP6UKtt9LaTKw=",
      "dev": true
    },
    "fsevents": {
      "version": "2.3.2",
      "resolved": "http://artifactory.intra.xiaojukeji.com/artifactory/api/npm/npm/fsevents/-/fsevents-2.3.2.tgz?dl=https%3A%2F%2Fregistry.npmmirror.com%2Ffsevents%2F-%2Ffsevents-2.3.2.tgz",
      "integrity": "sha1-ilJveLj99GI7cJ4Ll1xSwkwC/Ro=",
      "dev": true,
      "optional": true
    },
    "function-bind": {
      "version": "1.1.1",
      "resolved": "http://artifactory.intra.xiaojukeji.com/artifactory/api/npm/npm/function-bind/-/function-bind-1.1.1.tgz?dl=https%3A%2F%2Fregistry.npmmirror.com%2Ffunction-bind%2F-%2Ffunction-bind-1.1.1.tgz",
      "integrity": "sha1-pWiZ0+o8m6uHS7l3O3xe3pL0iV0=",
      "dev": true
    },
    "has": {
      "version": "1.0.3",
      "resolved": "http://artifactory.intra.xiaojukeji.com/artifactory/api/npm/npm/has/-/has-1.0.3.tgz?dl=https%3A%2F%2Fregistry.npmmirror.com%2Fhas%2F-%2Fhas-1.0.3.tgz",
      "integrity": "sha1-ci18v8H2qoJB8W3YFOAR4fQeh5Y=",
      "dev": true,
      "requires": {
        "function-bind": "^1.1.1"
      }
    },
    "is-core-module": {
      "version": "2.11.0",
      "resolved": "http://artifactory.intra.xiaojukeji.com/artifactory/api/npm/npm/is-core-module/-/is-core-module-2.11.0.tgz?dl=https%3A%2F%2Fregistry.npmmirror.com%2Fis-core-module%2F-%2Fis-core-module-2.11.0.tgz",
      "integrity": "sha1-rUyz44Y+gUUjyW8/WNJsxXD/AUQ=",
      "dev": true,
      "requires": {
        "has": "^1.0.3"
      }
    },
    "jsonc-parser": {
      "version": "3.2.0",
      "resolved": "http://artifactory.intra.xiaojukeji.com/artifactory/api/npm/npm/jsonc-parser/-/jsonc-parser-3.2.0.tgz?dl=https%3A%2F%2Fregistry.npmmirror.com%2Fjsonc-parser%2F-%2Fjsonc-parser-3.2.0.tgz",
      "integrity": "sha1-Mf8/TCuXk/icZyEmJ8UcY5T4jnY=",
      "dev": true
    },
    "magic-string": {
      "version": "0.25.9",
      "resolved": "http://artifactory.intra.xiaojukeji.com/artifactory/api/npm/npm/magic-string/-/magic-string-0.25.9.tgz?dl=https%3A%2F%2Fregistry.npmmirror.com%2Fmagic-string%2F-%2Fmagic-string-0.25.9.tgz",
      "integrity": "sha1-3n+fr5HvihyR0CwuUxTIJ3283Rw=",
      "dev": true,
      "requires": {
        "sourcemap-codec": "^1.4.8"
      }
    },
    "nanoid": {
      "version": "3.3.4",
      "resolved": "http://artifactory.intra.xiaojukeji.com/artifactory/api/npm/npm/nanoid/-/nanoid-3.3.4.tgz?dl=https%3A%2F%2Fregistry.npmmirror.com%2Fnanoid%2F-%2Fnanoid-3.3.4.tgz",
      "integrity": "sha1-cwtn480J4t6s8DwCfIHJ2dvF6Ks=",
      "dev": true
    },
    "path-parse": {
      "version": "1.0.7",
      "resolved": "http://artifactory.intra.xiaojukeji.com/artifactory/api/npm/npm/path-parse/-/path-parse-1.0.7.tgz?dl=https%3A%2F%2Fregistry.npmmirror.com%2Fpath-parse%2F-%2Fpath-parse-1.0.7.tgz",
      "integrity": "sha1-+8EUtgykKzDZ2vWFjkvWi77bZzU=",
      "dev": true
    },
    "picocolors": {
      "version": "1.0.0",
      "resolved": "http://artifactory.intra.xiaojukeji.com/artifactory/api/npm/npm/picocolors/-/picocolors-1.0.0.tgz?dl=https%3A%2F%2Fregistry.npmmirror.com%2Fpicocolors%2F-%2Fpicocolors-1.0.0.tgz",
      "integrity": "sha1-y1vcdP8/UYkiNur3nWi8RFZKuBw=",
      "dev": true
    },
    "postcss": {
      "version": "8.4.21",
      "resolved": "http://artifactory.intra.xiaojukeji.com/artifactory/api/npm/npm/postcss/-/postcss-8.4.21.tgz?dl=https%3A%2F%2Fregistry.npmmirror.com%2Fpostcss%2F-%2Fpostcss-8.4.21.tgz",
      "integrity": "sha1-xjm3GaV+/DGHsToddlZ1SF9BNPQ=",
      "dev": true,
      "requires": {
        "nanoid": "^3.3.4",
        "picocolors": "^1.0.0",
        "source-map-js": "^1.0.2"
      }
    },
    "preact": {
      "version": "10.13.1",
      "resolved": "http://artifactory.intra.xiaojukeji.com/artifactory/api/npm/npm/preact/-/preact-10.13.1.tgz?dl=https%3A%2F%2Fregistry.npmmirror.com%2Fpreact%2F-%2Fpreact-10.13.1.tgz",
      "integrity": "sha1-0iC9h3G4+hl2gNSRfzzvxe7YhyA=",
      "dev": true
    },
    "resolve": {
      "version": "1.22.1",
      "resolved": "http://artifactory.intra.xiaojukeji.com/artifactory/api/npm/npm/resolve/-/resolve-1.22.1.tgz?dl=https%3A%2F%2Fregistry.npmmirror.com%2Fresolve%2F-%2Fresolve-1.22.1.tgz",
      "integrity": "sha1-J8suu1P5GrtJRwqSi7p1WAZqwXc=",
      "dev": true,
      "requires": {
        "is-core-module": "^2.9.0",
        "path-parse": "^1.0.7",
        "supports-preserve-symlinks-flag": "^1.0.0"
      }
    },
    "rollup": {
      "version": "3.20.0",
      "resolved": "http://artifactory.intra.xiaojukeji.com/artifactory/api/npm/npm/rollup/-/rollup-3.20.0.tgz?dl=https%3A%2F%2Fregistry.npmmirror.com%2Frollup%2F-%2Frollup-3.20.0.tgz",
      "integrity": "sha1-znvYhEmndrn3W/TjWVniX70/UbE=",
      "dev": true,
      "requires": {
        "fsevents": "~2.3.2"
      }
    },
    "shiki": {
      "version": "0.14.1",
      "resolved": "http://artifactory.intra.xiaojukeji.com/artifactory/api/npm/npm/shiki/-/shiki-0.14.1.tgz?dl=https%3A%2F%2Fregistry.npmmirror.com%2Fshiki%2F-%2Fshiki-0.14.1.tgz",
      "integrity": "sha1-n74ILQqKoq1j30+/LuEeySSqfuE=",
      "dev": true,
      "requires": {
        "ansi-sequence-parser": "^1.1.0",
        "jsonc-parser": "^3.2.0",
        "vscode-oniguruma": "^1.7.0",
        "vscode-textmate": "^8.0.0"
      }
    },
    "source-map": {
      "version": "0.6.1",
      "resolved": "http://artifactory.intra.xiaojukeji.com/artifactory/api/npm/npm/source-map/-/source-map-0.6.1.tgz?dl=https%3A%2F%2Fregistry.npmmirror.com%2Fsource-map%2F-%2Fsource-map-0.6.1.tgz",
      "integrity": "sha1-dHIq8y6WFOnCh6jQu95IteLxomM=",
      "dev": true
    },
    "source-map-js": {
      "version": "1.0.2",
      "resolved": "http://artifactory.intra.xiaojukeji.com/artifactory/api/npm/npm/source-map-js/-/source-map-js-1.0.2.tgz?dl=https%3A%2F%2Fregistry.npmmirror.com%2Fsource-map-js%2F-%2Fsource-map-js-1.0.2.tgz",
      "integrity": "sha1-rbw2HZxi3zgBJefxYfccgm8eSQw=",
      "dev": true
    },
    "sourcemap-codec": {
      "version": "1.4.8",
      "resolved": "http://artifactory.intra.xiaojukeji.com/artifactory/api/npm/npm/sourcemap-codec/-/sourcemap-codec-1.4.8.tgz?dl=https%3A%2F%2Fregistry.npmmirror.com%2Fsourcemap-codec%2F-%2Fsourcemap-codec-1.4.8.tgz",
      "integrity": "sha1-6oBL2UhXQC5pktBaOO8a41qatMQ=",
      "dev": true
    },
    "supports-preserve-symlinks-flag": {
      "version": "1.0.0",
      "resolved": "http://artifactory.intra.xiaojukeji.com/artifactory/api/npm/npm/supports-preserve-symlinks-flag/-/supports-preserve-symlinks-flag-1.0.0.tgz?dl=https%3A%2F%2Fregistry.npmmirror.com%2Fsupports-preserve-symlinks-flag%2F-%2Fsupports-preserve-symlinks-flag-1.0.0.tgz",
      "integrity": "sha1-btpL00SjyUrqN21MwxvHcxEDngk=",
      "dev": true
    },
    "vite": {
      "version": "4.2.0",
      "resolved": "http://artifactory.intra.xiaojukeji.com/artifactory/api/npm/npm/vite/-/vite-4.2.0.tgz?dl=https%3A%2F%2Fregistry.npmmirror.com%2Fvite%2F-%2Fvite-4.2.0.tgz",
      "integrity": "sha1-1Obq+8A08/rwqzdr1bdqwVd165k=",
      "dev": true,
      "requires": {
        "esbuild": "^0.17.5",
        "fsevents": "~2.3.2",
        "postcss": "^8.4.21",
        "resolve": "^1.22.1",
        "rollup": "^3.18.0"
      }
    },
    "vitepress": {
      "version": "1.0.0-alpha.49",
      "resolved": "http://artifactory.intra.xiaojukeji.com/artifactory/api/npm/npm/vitepress/-/vitepress-1.0.0-alpha.49.tgz?dl=https%3A%2F%2Fregistry.npmmirror.com%2Fvitepress%2F-%2Fvitepress-1.0.0-alpha.49.tgz",
      "integrity": "sha1-F3ix5dsPjieowaGg63eLyJjsqjo=",
      "dev": true,
      "requires": {
        "@docsearch/css": "^3.3.3",
        "@docsearch/js": "^3.3.3",
        "@vitejs/plugin-vue": "^4.0.0",
        "@vue/devtools-api": "^6.5.0",
        "@vueuse/core": "^9.13.0",
        "body-scroll-lock": "4.0.0-beta.0",
        "shiki": "^0.14.1",
        "vite": "^4.1.4",
        "vue": "^3.2.47"
      }
    },
    "vscode-oniguruma": {
      "version": "1.7.0",
      "resolved": "http://artifactory.intra.xiaojukeji.com/artifactory/api/npm/npm/vscode-oniguruma/-/vscode-oniguruma-1.7.0.tgz?dl=https%3A%2F%2Fregistry.npmmirror.com%2Fvscode-oniguruma%2F-%2Fvscode-oniguruma-1.7.0.tgz",
      "integrity": "sha1-Q5v62P5xq9d5gzjRzT3FOovuqUs=",
      "dev": true
    },
    "vscode-textmate": {
      "version": "8.0.0",
      "resolved": "http://artifactory.intra.xiaojukeji.com/artifactory/api/npm/npm/vscode-textmate/-/vscode-textmate-8.0.0.tgz?dl=https%3A%2F%2Fregistry.npmmirror.com%2Fvscode-textmate%2F-%2Fvscode-textmate-8.0.0.tgz",
      "integrity": "sha1-LHo7EWPvBEEJfgtdY4nNVQS1nl0=",
      "dev": true
    },
    "vue": {
      "version": "3.2.47",
      "resolved": "http://artifactory.intra.xiaojukeji.com/artifactory/api/npm/npm/vue/-/vue-3.2.47.tgz?dl=https%3A%2F%2Fregistry.npmmirror.com%2Fvue%2F-%2Fvue-3.2.47.tgz",
      "integrity": "sha1-Prc2y8YG/IcDjbumoVRwfIo0z/A=",
      "dev": true,
      "requires": {
        "@vue/compiler-dom": "3.2.47",
        "@vue/compiler-sfc": "3.2.47",
        "@vue/runtime-dom": "3.2.47",
        "@vue/server-renderer": "3.2.47",
        "@vue/shared": "3.2.47"
      }
    },
    "vue-demi": {
      "version": "0.13.11",
      "resolved": "http://artifactory.intra.xiaojukeji.com/artifactory/api/npm/npm/vue-demi/-/vue-demi-0.13.11.tgz?dl=https%3A%2F%2Fregistry.npmmirror.com%2Fvue-demi%2F-%2Fvue-demi-0.13.11.tgz",
      "integrity": "sha1-fZA2m9rol02HsZc1ZK05AYJBDZk=",
      "dev": true
    }
  }
}
